{
  "name": "campus-mental-health",
  "version": "1.0.0",
  "lockfileVersion": 3,
  "requires": true,
  "packages": {
    "": {
      "name": "campus-mental-health",
      "version": "1.0.0",
      "dependencies": {
        "tdesign-miniprogram": "^1.12.3"
      },
      "devDependencies": {}
    },
    "node_modules/tdesign-miniprogram": {
      "version": "1.12.3",
      "resolved": "https://registry.npmmirror.com/tdesign-miniprogram/-/tdesign-miniprogram-1.12.3.tgz",
      "integrity": "sha512-F4nMv/ph3yyq9bO4RrJuB9x9VWyKIN6lV1HqFaV4AsR0cpDoBYtGYLPOFejvj0MYDSntSHLMVe1nm0fqsXUaUQ==",
      "license": "MIT"
    }
  }
}
